
Microsoft Visual Studio Solution File, Format Version 12.00
# Visual Studio Version 16
VisualStudioVersion = 16.0.31624.102
MinimumVisualStudioVersion = 10.0.40219.1
Project("{FAE04EC0-301F-11D3-BF4B-00C04F79EFBC}") = "jap_task1_backend", "jap_task1_backend.csproj", "{C2C03B47-5C96-44BB-9EA1-29E4A8C5DF1C}"
EndProject
Global
	GlobalSection(SolutionConfigurationPlatforms) = preSolution
		Debug|Any CPU = Debug|Any CPU
		Release|Any CPU = Release|Any CPU
	EndGlobalSection
	GlobalSection(ProjectConfigurationPlatforms) = postSolution
		{C2C03B47-5C96-44BB-9EA1-29E4A8C5DF1C}.Debug|Any CPU.ActiveCfg = Debug|Any CPU
		{C2C03B47-5C96-44BB-9EA1-29E4A8C5DF1C}.Debug|Any CPU.Build.0 = Debug|Any CPU
		{C2C03B47-5C96-44BB-9EA1-29E4A8C5DF1C}.Release|Any CPU.ActiveCfg = Release|Any CPU
		{C2C03B47-5C96-44BB-9EA1-29E4A8C5DF1C}.Release|Any CPU.Build.0 = Release|Any CPU
	EndGlobalSection
	GlobalSection(SolutionProperties) = preSolution
		HideSolutionNode = FALSE
	EndGlobalSection
	GlobalSection(ExtensibilityGlobals) = postSolution
		SolutionGuid = {483883C2-3976-4F75-A96C-AC5997E725DB}
	EndGlobalSection
EndGlobal
